// !$*UTF8*$!
{
	archiveVersion = 1;
	classes = {
	};
	objectVersion = 46;
	objects = {

/* Begin PBXBuildFile section */
		963F6FDD1B0284F3003F31AB /* NovoMomentoViewController.m in Sources */ = {isa = PBXBuildFile; fileRef = 963F6FDC1B0284F3003F31AB /* NovoMomentoViewController.m */; };
		963F6FE01B02898F003F31AB /* Usuario.m in Sources */ = {isa = PBXBuildFile; fileRef = 963F6FDF1B02898F003F31AB /* Usuario.m */; };
		963F6FE31B028DD0003F31AB /* UsuarioStore.m in Sources */ = {isa = PBXBuildFile; fileRef = 963F6FE21B028DD0003F31AB /* UsuarioStore.m */; };
		963F6FE61B029432003F31AB /* Momento.m in Sources */ = {isa = PBXBuildFile; fileRef = 963F6FE51B029432003F31AB /* Momento.m */; };
		963F6FE91B029613003F31AB /* MomentoStore.m in Sources */ = {isa = PBXBuildFile; fileRef = 963F6FE81B029613003F31AB /* MomentoStore.m */; };
		963F6FEC1B02A336003F31AB /* Recurso.m in Sources */ = {isa = PBXBuildFile; fileRef = 963F6FEB1B02A336003F31AB /* Recurso.m */; };
		963F6FEF1B02A441003F31AB /* RecursoStore.m in Sources */ = {isa = PBXBuildFile; fileRef = 963F6FEE1B02A441003F31AB /* RecursoStore.m */; };
		965BCA981B015BEB0024AAF0 /* FeedTableViewController.m in Sources */ = {isa = PBXBuildFile; fileRef = 965BCA971B015BEB0024AAF0 /* FeedTableViewController.m */; };
		965BCA9B1B015D350024AAF0 /* FeedTableViewCell1.m in Sources */ = {isa = PBXBuildFile; fileRef = 965BCA9A1B015D350024AAF0 /* FeedTableViewCell1.m */; };
		CB0C45E81B012A8F008BCF4E /* main.m in Sources */ = {isa = PBXBuildFile; fileRef = CB0C45E71B012A8F008BCF4E /* main.m */; };
		CB0C45EB1B012A8F008BCF4E /* AppDelegate.m in Sources */ = {isa = PBXBuildFile; fileRef = CB0C45EA1B012A8F008BCF4E /* AppDelegate.m */; };
		CB0C45EE1B012A8F008BCF4E /* ThatPlace.xcdatamodeld in Sources */ = {isa = PBXBuildFile; fileRef = CB0C45EC1B012A8F008BCF4E /* ThatPlace.xcdatamodeld */; };
		CB0C45F11B012A8F008BCF4E /* ViewController.m in Sources */ = {isa = PBXBuildFile; fileRef = CB0C45F01B012A8F008BCF4E /* ViewController.m */; };
		CB0C45F41B012A8F008BCF4E /* Main.storyboard in Resources */ = {isa = PBXBuildFile; fileRef = CB0C45F21B012A8F008BCF4E /* Main.storyboard */; };
		CB0C45F61B012A8F008BCF4E /* Images.xcassets in Resources */ = {isa = PBXBuildFile; fileRef = CB0C45F51B012A8F008BCF4E /* Images.xcassets */; };
		CB0C45F91B012A8F008BCF4E /* LaunchScreen.xib in Resources */ = {isa = PBXBuildFile; fileRef = CB0C45F71B012A8F008BCF4E /* LaunchScreen.xib */; };
		CB0C46051B012A8F008BCF4E /* ThatPlaceTests.m in Sources */ = {isa = PBXBuildFile; fileRef = CB0C46041B012A8F008BCF4E /* ThatPlaceTests.m */; };
		CB0C464F1B039B8F008BCF4E /* MainViewController.m in Sources */ = {isa = PBXBuildFile; fileRef = CB0C464E1B039B8F008BCF4E /* MainViewController.m */; };
		CB0C46511B039C23008BCF4E /* MapKit.framework in Frameworks */ = {isa = PBXBuildFile; fileRef = CB0C46501B039C23008BCF4E /* MapKit.framework */; };
		CB0C46531B039C2A008BCF4E /* CoreLocation.framework in Frameworks */ = {isa = PBXBuildFile; fileRef = CB0C46521B039C2A008BCF4E /* CoreLocation.framework */; };
		CB0C46561B039CFB008BCF4E /* CustomAnnotation.m in Sources */ = {isa = PBXBuildFile; fileRef = CB0C46551B039CFB008BCF4E /* CustomAnnotation.m */; };
/* End PBXBuildFile section */

/* Begin PBXContainerItemProxy section */
		CB0C45FF1B012A8F008BCF4E /* PBXContainerItemProxy */ = {
			isa = PBXContainerItemProxy;
			containerPortal = CB0C45DA1B012A8F008BCF4E /* Project object */;
			proxyType = 1;
			remoteGlobalIDString = CB0C45E11B012A8F008BCF4E;
			remoteInfo = ThatPlace;
		};
/* End PBXContainerItemProxy section */

/* Begin PBXFileReference section */
		963F6FDB1B0284F3003F31AB /* NovoMomentoViewController.h */ = {isa = PBXFileReference; fileEncoding = 4; lastKnownFileType = sourcecode.c.h; path = NovoMomentoViewController.h; sourceTree = "<group>"; };
		963F6FDC1B0284F3003F31AB /* NovoMomentoViewController.m */ = {isa = PBXFileReference; fileEncoding = 4; lastKnownFileType = sourcecode.c.objc; path = NovoMomentoViewController.m; sourceTree = "<group>"; };
		963F6FDE1B02898F003F31AB /* Usuario.h */ = {isa = PBXFileReference; fileEncoding = 4; lastKnownFileType = sourcecode.c.h; path = Usuario.h; sourceTree = "<group>"; };
		963F6FDF1B02898F003F31AB /* Usuario.m */ = {isa = PBXFileReference; fileEncoding = 4; lastKnownFileType = sourcecode.c.objc; path = Usuario.m; sourceTree = "<group>"; };
		963F6FE11B028DD0003F31AB /* UsuarioStore.h */ = {isa = PBXFileReference; fileEncoding = 4; lastKnownFileType = sourcecode.c.h; path = UsuarioStore.h; sourceTree = "<group>"; };
		963F6FE21B028DD0003F31AB /* UsuarioStore.m */ = {isa = PBXFileReference; fileEncoding = 4; lastKnownFileType = sourcecode.c.objc; path = UsuarioStore.m; sourceTree = "<group>"; };
		963F6FE41B029432003F31AB /* Momento.h */ = {isa = PBXFileReference; fileEncoding = 4; lastKnownFileType = sourcecode.c.h; path = Momento.h; sourceTree = "<group>"; };
		963F6FE51B029432003F31AB /* Momento.m */ = {isa = PBXFileReference; fileEncoding = 4; lastKnownFileType = sourcecode.c.objc; path = Momento.m; sourceTree = "<group>"; };
		963F6FE71B029613003F31AB /* MomentoStore.h */ = {isa = PBXFileReference; fileEncoding = 4; lastKnownFileType = sourcecode.c.h; path = MomentoStore.h; sourceTree = "<group>"; };
		963F6FE81B029613003F31AB /* MomentoStore.m */ = {isa = PBXFileReference; fileEncoding = 4; lastKnownFileType = sourcecode.c.objc; path = MomentoStore.m; sourceTree = "<group>"; };
		963F6FEA1B02A336003F31AB /* Recurso.h */ = {isa = PBXFileReference; fileEncoding = 4; lastKnownFileType = sourcecode.c.h; path = Recurso.h; sourceTree = "<group>"; };
		963F6FEB1B02A336003F31AB /* Recurso.m */ = {isa = PBXFileReference; fileEncoding = 4; lastKnownFileType = sourcecode.c.objc; path = Recurso.m; sourceTree = "<group>"; };
		963F6FED1B02A441003F31AB /* RecursoStore.h */ = {isa = PBXFileReference; fileEncoding = 4; lastKnownFileType = sourcecode.c.h; path = RecursoStore.h; sourceTree = "<group>"; };
		963F6FEE1B02A441003F31AB /* RecursoStore.m */ = {isa = PBXFileReference; fileEncoding = 4; lastKnownFileType = sourcecode.c.objc; path = RecursoStore.m; sourceTree = "<group>"; };
		965BCA961B015BEB0024AAF0 /* FeedTableViewController.h */ = {isa = PBXFileReference; fileEncoding = 4; lastKnownFileType = sourcecode.c.h; path = FeedTableViewController.h; sourceTree = "<group>"; };
		965BCA971B015BEB0024AAF0 /* FeedTableViewController.m */ = {isa = PBXFileReference; fileEncoding = 4; lastKnownFileType = sourcecode.c.objc; path = FeedTableViewController.m; sourceTree = "<group>"; };
		965BCA991B015D350024AAF0 /* FeedTableViewCell1.h */ = {isa = PBXFileReference; fileEncoding = 4; lastKnownFileType = sourcecode.c.h; path = FeedTableViewCell1.h; sourceTree = "<group>"; };
		965BCA9A1B015D350024AAF0 /* FeedTableViewCell1.m */ = {isa = PBXFileReference; fileEncoding = 4; lastKnownFileType = sourcecode.c.objc; path = FeedTableViewCell1.m; sourceTree = "<group>"; };
		CB0C45E21B012A8F008BCF4E /* ThatPlace.app */ = {isa = PBXFileReference; explicitFileType = wrapper.application; includeInIndex = 0; path = ThatPlace.app; sourceTree = BUILT_PRODUCTS_DIR; };
		CB0C45E61B012A8F008BCF4E /* Info.plist */ = {isa = PBXFileReference; lastKnownFileType = text.plist.xml; path = Info.plist; sourceTree = "<group>"; };
		CB0C45E71B012A8F008BCF4E /* main.m */ = {isa = PBXFileReference; lastKnownFileType = sourcecode.c.objc; path = main.m; sourceTree = "<group>"; };
		CB0C45E91B012A8F008BCF4E /* AppDelegate.h */ = {isa = PBXFileReference; lastKnownFileType = sourcecode.c.h; path = AppDelegate.h; sourceTree = "<group>"; };
		CB0C45EA1B012A8F008BCF4E /* AppDelegate.m */ = {isa = PBXFileReference; lastKnownFileType = sourcecode.c.objc; path = AppDelegate.m; sourceTree = "<group>"; };
		CB0C45ED1B012A8F008BCF4E /* ThatPlace.xcdatamodel */ = {isa = PBXFileReference; lastKnownFileType = wrapper.xcdatamodel; path = ThatPlace.xcdatamodel; sourceTree = "<group>"; };
		CB0C45EF1B012A8F008BCF4E /* ViewController.h */ = {isa = PBXFileReference; lastKnownFileType = sourcecode.c.h; path = ViewController.h; sourceTree = "<group>"; };
		CB0C45F01B012A8F008BCF4E /* ViewController.m */ = {isa = PBXFileReference; lastKnownFileType = sourcecode.c.objc; path = ViewController.m; sourceTree = "<group>"; };
		CB0C45F31B012A8F008BCF4E /* Base */ = {isa = PBXFileReference; lastKnownFileType = file.storyboard; name = Base; path = Base.lproj/Main.storyboard; sourceTree = "<group>"; };
		CB0C45F51B012A8F008BCF4E /* Images.xcassets */ = {isa = PBXFileReference; lastKnownFileType = folder.assetcatalog; path = Images.xcassets; sourceTree = "<group>"; };
		CB0C45F81B012A8F008BCF4E /* Base */ = {isa = PBXFileReference; lastKnownFileType = file.xib; name = Base; path = Base.lproj/LaunchScreen.xib; sourceTree = "<group>"; };
		CB0C45FE1B012A8F008BCF4E /* ThatPlaceTests.xctest */ = {isa = PBXFileReference; explicitFileType = wrapper.cfbundle; includeInIndex = 0; path = ThatPlaceTests.xctest; sourceTree = BUILT_PRODUCTS_DIR; };
		CB0C46031B012A8F008BCF4E /* Info.plist */ = {isa = PBXFileReference; lastKnownFileType = text.plist.xml; path = Info.plist; sourceTree = "<group>"; };
		CB0C46041B012A8F008BCF4E /* ThatPlaceTests.m */ = {isa = PBXFileReference; lastKnownFileType = sourcecode.c.objc; path = ThatPlaceTests.m; sourceTree = "<group>"; };
		CB0C464D1B039B8F008BCF4E /* MainViewController.h */ = {isa = PBXFileReference; fileEncoding = 4; lastKnownFileType = sourcecode.c.h; path = MainViewController.h; sourceTree = "<group>"; };
		CB0C464E1B039B8F008BCF4E /* MainViewController.m */ = {isa = PBXFileReference; fileEncoding = 4; lastKnownFileType = sourcecode.c.objc; path = MainViewController.m; sourceTree = "<group>"; };
		CB0C46501B039C23008BCF4E /* MapKit.framework */ = {isa = PBXFileReference; lastKnownFileType = wrapper.framework; name = MapKit.framework; path = System/Library/Frameworks/MapKit.framework; sourceTree = SDKROOT; };
		CB0C46521B039C2A008BCF4E /* CoreLocation.framework */ = {isa = PBXFileReference; lastKnownFileType = wrapper.framework; name = CoreLocation.framework; path = System/Library/Frameworks/CoreLocation.framework; sourceTree = SDKROOT; };
		CB0C46551B039CFB008BCF4E /* CustomAnnotation.m */ = {isa = PBXFileReference; fileEncoding = 4; lastKnownFileType = sourcecode.c.objc; path = CustomAnnotation.m; sourceTree = "<group>"; };
		CB0C46571B039D10008BCF4E /* CustomAnnotation.h */ = {isa = PBXFileReference; lastKnownFileType = sourcecode.c.h; path = CustomAnnotation.h; sourceTree = "<group>"; };
/* End PBXFileReference section */

/* Begin PBXFrameworksBuildPhase section */
		CB0C45DF1B012A8F008BCF4E /* Frameworks */ = {
			isa = PBXFrameworksBuildPhase;
			buildActionMask = 2147483647;
			files = (
				CB0C46531B039C2A008BCF4E /* CoreLocation.framework in Frameworks */,
				CB0C46511B039C23008BCF4E /* MapKit.framework in Frameworks */,
			);
			runOnlyForDeploymentPostprocessing = 0;
		};
		CB0C45FB1B012A8F008BCF4E /* Frameworks */ = {
			isa = PBXFrameworksBuildPhase;
			buildActionMask = 2147483647;
			files = (
			);
			runOnlyForDeploymentPostprocessing = 0;
		};
/* End PBXFrameworksBuildPhase section */

/* Begin PBXGroup section */
		963F6FF01B02D331003F31AB /* Model */ = {
			isa = PBXGroup;
			children = (
				963F6FDE1B02898F003F31AB /* Usuario.h */,
				963F6FDF1B02898F003F31AB /* Usuario.m */,
				963F6FE11B028DD0003F31AB /* UsuarioStore.h */,
				963F6FE21B028DD0003F31AB /* UsuarioStore.m */,
				963F6FE41B029432003F31AB /* Momento.h */,
				963F6FE51B029432003F31AB /* Momento.m */,
				963F6FE71B029613003F31AB /* MomentoStore.h */,
				963F6FE81B029613003F31AB /* MomentoStore.m */,
				963F6FEA1B02A336003F31AB /* Recurso.h */,
				963F6FEB1B02A336003F31AB /* Recurso.m */,
				963F6FED1B02A441003F31AB /* RecursoStore.h */,
				963F6FEE1B02A441003F31AB /* RecursoStore.m */,
			);
			name = Model;
			sourceTree = "<group>";
		};
		963F6FF11B02D375003F31AB /* Controller */ = {
			isa = PBXGroup;
			children = (
				CB0C46571B039D10008BCF4E /* CustomAnnotation.h */,
				CB0C46551B039CFB008BCF4E /* CustomAnnotation.m */,
				CB0C464D1B039B8F008BCF4E /* MainViewController.h */,
				CB0C464E1B039B8F008BCF4E /* MainViewController.m */,
				965BCA961B015BEB0024AAF0 /* FeedTableViewController.h */,
				965BCA971B015BEB0024AAF0 /* FeedTableViewController.m */,
				963F6FDB1B0284F3003F31AB /* NovoMomentoViewController.h */,
				963F6FDC1B0284F3003F31AB /* NovoMomentoViewController.m */,
				CB0C45EF1B012A8F008BCF4E /* ViewController.h */,
				CB0C45F01B012A8F008BCF4E /* ViewController.m */,
				965BCA991B015D350024AAF0 /* FeedTableViewCell1.h */,
				965BCA9A1B015D350024AAF0 /* FeedTableViewCell1.m */,
			);
			name = Controller;
			sourceTree = "<group>";
		};
		963F6FF21B02D38D003F31AB /* View */ = {
			isa = PBXGroup;
			children = (
				CB0C45F21B012A8F008BCF4E /* Main.storyboard */,
			);
			name = View;
			sourceTree = "<group>";
		};
		CB0C45D91B012A8F008BCF4E = {
			isa = PBXGroup;
			children = (
				CB0C46521B039C2A008BCF4E /* CoreLocation.framework */,
				CB0C46501B039C23008BCF4E /* MapKit.framework */,
				CB0C45E41B012A8F008BCF4E /* ThatPlace */,
				CB0C46011B012A8F008BCF4E /* ThatPlaceTests */,
				CB0C45E31B012A8F008BCF4E /* Products */,
			);
			sourceTree = "<group>";
		};
		CB0C45E31B012A8F008BCF4E /* Products */ = {
			isa = PBXGroup;
			children = (
				CB0C45E21B012A8F008BCF4E /* ThatPlace.app */,
				CB0C45FE1B012A8F008BCF4E /* ThatPlaceTests.xctest */,
			);
			name = Products;
			sourceTree = "<group>";
		};
		CB0C45E41B012A8F008BCF4E /* ThatPlace */ = {
			isa = PBXGroup;
			children = (
				CB0C45E91B012A8F008BCF4E /* AppDelegate.h */,
				CB0C45EA1B012A8F008BCF4E /* AppDelegate.m */,
				963F6FF21B02D38D003F31AB /* View */,
				CB0C45F51B012A8F008BCF4E /* Images.xcassets */,
				963F6FF11B02D375003F31AB /* Controller */,
				963F6FF01B02D331003F31AB /* Model */,
				CB0C45F71B012A8F008BCF4E /* LaunchScreen.xib */,
				CB0C45EC1B012A8F008BCF4E /* ThatPlace.xcdatamodeld */,
				CB0C45E51B012A8F008BCF4E /* Supporting Files */,
			);
			path = ThatPlace;
			sourceTree = "<group>";
		};
		CB0C45E51B012A8F008BCF4E /* Supporting Files */ = {
			isa = PBXGroup;
			children = (
				CB0C45E61B012A8F008BCF4E /* Info.plist */,
				CB0C45E71B012A8F008BCF4E /* main.m */,
			);
			name = "Supporting Files";
			sourceTree = "<group>";
		};
		CB0C46011B012A8F008BCF4E /* ThatPlaceTests */ = {
			isa = PBXGroup;
			children = (
				CB0C46041B012A8F008BCF4E /* ThatPlaceTests.m */,
				CB0C46021B012A8F008BCF4E /* Supporting Files */,
			);
			path = ThatPlaceTests;
			sourceTree = "<group>";
		};
		CB0C46021B012A8F008BCF4E /* Supporting Files */ = {
			isa = PBXGroup;
			children = (
				CB0C46031B012A8F008BCF4E /* Info.plist */,
			);
			name = "Supporting Files";
			sourceTree = "<group>";
		};
/* End PBXGroup section */

/* Begin PBXNativeTarget section */
		CB0C45E11B012A8F008BCF4E /* ThatPlace */ = {
			isa = PBXNativeTarget;
			buildConfigurationList = CB0C46081B012A8F008BCF4E /* Build configuration list for PBXNativeTarget "ThatPlace" */;
			buildPhases = (
				CB0C45DE1B012A8F008BCF4E /* Sources */,
				CB0C45DF1B012A8F008BCF4E /* Frameworks */,
				CB0C45E01B012A8F008BCF4E /* Resources */,
			);
			buildRules = (
			);
			dependencies = (
			);
			name = ThatPlace;
			productName = ThatPlace;
			productReference = CB0C45E21B012A8F008BCF4E /* ThatPlace.app */;
			productType = "com.apple.product-type.application";
		};
		CB0C45FD1B012A8F008BCF4E /* ThatPlaceTests */ = {
			isa = PBXNativeTarget;
			buildConfigurationList = CB0C460B1B012A8F008BCF4E /* Build configuration list for PBXNativeTarget "ThatPlaceTests" */;
			buildPhases = (
				CB0C45FA1B012A8F008BCF4E /* Sources */,
				CB0C45FB1B012A8F008BCF4E /* Frameworks */,
				CB0C45FC1B012A8F008BCF4E /* Resources */,
			);
			buildRules = (
			);
			dependencies = (
				CB0C46001B012A8F008BCF4E /* PBXTargetDependency */,
			);
			name = ThatPlaceTests;
			productName = ThatPlaceTests;
			productReference = CB0C45FE1B012A8F008BCF4E /* ThatPlaceTests.xctest */;
			productType = "com.apple.product-type.bundle.unit-test";
		};
/* End PBXNativeTarget section */

/* Begin PBXProject section */
		CB0C45DA1B012A8F008BCF4E /* Project object */ = {
			isa = PBXProject;
			attributes = {
				LastUpgradeCheck = 0630;
				ORGANIZATIONNAME = "BEPiD FUCAPI";
				TargetAttributes = {
					CB0C45E11B012A8F008BCF4E = {
						CreatedOnToolsVersion = 6.3.1;
					};
					CB0C45FD1B012A8F008BCF4E = {
						CreatedOnToolsVersion = 6.3.1;
						TestTargetID = CB0C45E11B012A8F008BCF4E;
					};
				};
			};
			buildConfigurationList = CB0C45DD1B012A8F008BCF4E /* Build configuration list for PBXProject "ThatPlace" */;
			compatibilityVersion = "Xcode 3.2";
			developmentRegion = English;
			hasScannedForEncodings = 0;
			knownRegions = (
				en,
				Base,
			);
			mainGroup = CB0C45D91B012A8F008BCF4E;
			productRefGroup = CB0C45E31B012A8F008BCF4E /* Products */;
			projectDirPath = "";
			projectRoot = "";
			targets = (
				CB0C45E11B012A8F008BCF4E /* ThatPlace */,
				CB0C45FD1B012A8F008BCF4E /* ThatPlaceTests */,
			);
		};
/* End PBXProject section */

/* Begin PBXResourcesBuildPhase section */
		CB0C45E01B012A8F008BCF4E /* Resources */ = {
			isa = PBXResourcesBuildPhase;
			buildActionMask = 2147483647;
			files = (
				CB0C45F41B012A8F008BCF4E /* Main.storyboard in Resources */,
				CB0C45F91B012A8F008BCF4E /* LaunchScreen.xib in Resources */,
				CB0C45F61B012A8F008BCF4E /* Images.xcassets in Resources */,
			);
			runOnlyForDeploymentPostprocessing = 0;
		};
		CB0C45FC1B012A8F008BCF4E /* Resources */ = {
			isa = PBXResourcesBuildPhase;
			buildActionMask = 2147483647;
			files = (
			);
			runOnlyForDeploymentPostprocessing = 0;
		};
/* End PBXResourcesBuildPhase section */

/* Begin PBXSourcesBuildPhase section */
		CB0C45DE1B012A8F008BCF4E /* Sources */ = {
			isa = PBXSourcesBuildPhase;
			buildActionMask = 2147483647;
			files = (
				CB0C46561B039CFB008BCF4E /* CustomAnnotation.m in Sources */,
				965BCA981B015BEB0024AAF0 /* FeedTableViewController.m in Sources */,
				963F6FEF1B02A441003F31AB /* RecursoStore.m in Sources */,
				965BCA9B1B015D350024AAF0 /* FeedTableViewCell1.m in Sources */,
				963F6FE91B029613003F31AB /* MomentoStore.m in Sources */,
				CB0C45EE1B012A8F008BCF4E /* ThatPlace.xcdatamodeld in Sources */,
				CB0C45EB1B012A8F008BCF4E /* AppDelegate.m in Sources */,
				963F6FE31B028DD0003F31AB /* UsuarioStore.m in Sources */,
				963F6FE01B02898F003F31AB /* Usuario.m in Sources */,
				CB0C45F11B012A8F008BCF4E /* ViewController.m in Sources */,
				963F6FE61B029432003F31AB /* Momento.m in Sources */,
				CB0C45E81B012A8F008BCF4E /* main.m in Sources */,
				CB0C464F1B039B8F008BCF4E /* MainViewController.m in Sources */,
				963F6FDD1B0284F3003F31AB /* NovoMomentoViewController.m in Sources */,
				963F6FEC1B02A336003F31AB /* Recurso.m in Sources */,
			);
			runOnlyForDeploymentPostprocessing = 0;
		};
		CB0C45FA1B012A8F008BCF4E /* Sources */ = {
			isa = PBXSourcesBuildPhase;
			buildActionMask = 2147483647;
			files = (
				CB0C46051B012A8F008BCF4E /* ThatPlaceTests.m in Sources */,
			);
			runOnlyForDeploymentPostprocessing = 0;
		};
/* End PBXSourcesBuildPhase section */

/* Begin PBXTargetDependency section */
		CB0C46001B012A8F008BCF4E /* PBXTargetDependency */ = {
			isa = PBXTargetDependency;
			target = CB0C45E11B012A8F008BCF4E /* ThatPlace */;
			targetProxy = CB0C45FF1B012A8F008BCF4E /* PBXContainerItemProxy */;
		};
/* End PBXTargetDependency section */

/* Begin PBXVariantGroup section */
		CB0C45F21B012A8F008BCF4E /* Main.storyboard */ = {
			isa = PBXVariantGroup;
			children = (
				CB0C45F31B012A8F008BCF4E /* Base */,
			);
			name = Main.storyboard;
			sourceTree = "<group>";
		};
		CB0C45F71B012A8F008BCF4E /* LaunchScreen.xib */ = {
			isa = PBXVariantGroup;
			children = (
				CB0C45F81B012A8F008BCF4E /* Base */,
			);
			name = LaunchScreen.xib;
			sourceTree = "<group>";
		};
/* End PBXVariantGroup section */

/* Begin XCBuildConfiguration section */
		CB0C46061B012A8F008BCF4E /* Debug */ = {
			isa = XCBuildConfiguration;
			buildSettings = {
				ALWAYS_SEARCH_USER_PATHS = NO;
				CLANG_CXX_LANGUAGE_STANDARD = "gnu++0x";
				CLANG_CXX_LIBRARY = "libc++";
				CLANG_ENABLE_MODULES = YES;
				CLANG_ENABLE_OBJC_ARC = YES;
				CLANG_WARN_BOOL_CONVERSION = YES;
				CLANG_WARN_CONSTANT_CONVERSION = YES;
				CLANG_WARN_DIRECT_OBJC_ISA_USAGE = YES_ERROR;
				CLANG_WARN_EMPTY_BODY = YES;
				CLANG_WARN_ENUM_CONVERSION = YES;
				CLANG_WARN_INT_CONVERSION = YES;
				CLANG_WARN_OBJC_ROOT_CLASS = YES_ERROR;
				CLANG_WARN_UNREACHABLE_CODE = YES;
				CLANG_WARN__DUPLICATE_METHOD_MATCH = YES;
				"CODE_SIGN_IDENTITY[sdk=iphoneos*]" = "iPhone Developer";
				COPY_PHASE_STRIP = NO;
				DEBUG_INFORMATION_FORMAT = "dwarf-with-dsym";
				ENABLE_STRICT_OBJC_MSGSEND = YES;
				GCC_C_LANGUAGE_STANDARD = gnu99;
				GCC_DYNAMIC_NO_PIC = NO;
				GCC_NO_COMMON_BLOCKS = YES;
				GCC_OPTIMIZATION_LEVEL = 0;
				GCC_PREPROCESSOR_DEFINITIONS = (
					"DEBUG=1",
					"$(inherited)",
				);
				GCC_SYMBOLS_PRIVATE_EXTERN = NO;
				GCC_WARN_64_TO_32_BIT_CONVERSION = YES;
				GCC_WARN_ABOUT_RETURN_TYPE = YES_ERROR;
				GCC_WARN_UNDECLARED_SELECTOR = YES;
				GCC_WARN_UNINITIALIZED_AUTOS = YES_AGGRESSIVE;
				GCC_WARN_UNUSED_FUNCTION = YES;
				GCC_WARN_UNUSED_VARIABLE = YES;
				IPHONEOS_DEPLOYMENT_TARGET = 8.3;
				MTL_ENABLE_DEBUG_INFO = YES;
				ONLY_ACTIVE_ARCH = YES;
				SDKROOT = iphoneos;
				TARGETED_DEVICE_FAMILY = "1,2";
			};
			name = Debug;
		};
		CB0C46071B012A8F008BCF4E /* Release */ = {
			isa = XCBuildConfiguration;
			buildSettings = {
				ALWAYS_SEARCH_USER_PATHS = NO;
				CLANG_CXX_LANGUAGE_STANDARD = "gnu++0x";
				CLANG_CXX_LIBRARY = "libc++";
				CLANG_ENABLE_MODULES = YES;
				CLANG_ENABLE_OBJC_ARC = YES;
				CLANG_WARN_BOOL_CONVERSION = YES;
				CLANG_WARN_CONSTANT_CONVERSION = YES;
				CLANG_WARN_DIRECT_OBJC_ISA_USAGE = YES_ERROR;
				CLANG_WARN_EMPTY_BODY = YES;
				CLANG_WARN_ENUM_CONVERSION = YES;
				CLANG_WARN_INT_CONVERSION = YES;
				CLANG_WARN_OBJC_ROOT_CLASS = YES_ERROR;
				CLANG_WARN_UNREACHABLE_CODE = YES;
				CLANG_WARN__DUPLICATE_METHOD_MATCH = YES;
				"CODE_SIGN_IDENTITY[sdk=iphoneos*]" = "iPhone Developer";
				COPY_PHASE_STRIP = NO;
				DEBUG_INFORMATION_FORMAT = "dwarf-with-dsym";
				ENABLE_NS_ASSERTIONS = NO;
				ENABLE_STRICT_OBJC_MSGSEND = YES;
				GCC_C_LANGUAGE_STANDARD = gnu99;
				GCC_NO_COMMON_BLOCKS = YES;
				GCC_WARN_64_TO_32_BIT_CONVERSION = YES;
				GCC_WARN_ABOUT_RETURN_TYPE = YES_ERROR;
				GCC_WARN_UNDECLARED_SELECTOR = YES;
				GCC_WARN_UNINITIALIZED_AUTOS = YES_AGGRESSIVE;
				GCC_WARN_UNUSED_FUNCTION = YES;
				GCC_WARN_UNUSED_VARIABLE = YES;
				IPHONEOS_DEPLOYMENT_TARGET = 8.3;
				MTL_ENABLE_DEBUG_INFO = NO;
				SDKROOT = iphoneos;
				TARGETED_DEVICE_FAMILY = "1,2";
				VALIDATE_PRODUCT = YES;
			};
			name = Release;
		};
		CB0C46091B012A8F008BCF4E /* Debug */ = {
			isa = XCBuildConfiguration;
			buildSettings = {
				ASSETCATALOG_COMPILER_APPICON_NAME = AppIcon;
				INFOPLIST_FILE = ThatPlace/Info.plist;
				LD_RUNPATH_SEARCH_PATHS = "$(inherited) @executable_path/Frameworks";
				PRODUCT_NAME = "$(TARGET_NAME)";
			};
			name = Debug;
		};
		CB0C460A1B012A8F008BCF4E /* Release */ = {
			isa = XCBuildConfiguration;
			buildSettings = {
				ASSETCATALOG_COMPILER_APPICON_NAME = AppIcon;
				INFOPLIST_FILE = ThatPlace/Info.plist;
				LD_RUNPATH_SEARCH_PATHS = "$(inherited) @executable_path/Frameworks";
				PRODUCT_NAME = "$(TARGET_NAME)";
			};
			name = Release;
		};
		CB0C460C1B012A8F008BCF4E /* Debug */ = {
			isa = XCBuildConfiguration;
			buildSettings = {
				BUNDLE_LOADER = "$(TEST_HOST)";
				FRAMEWORK_SEARCH_PATHS = (
					"$(SDKROOT)/Developer/Library/Frameworks",
					"$(inherited)",
				);
				GCC_PREPROCESSOR_DEFINITIONS = (
					"DEBUG=1",
					"$(inherited)",
				);
				INFOPLIST_FILE = ThatPlaceTests/Info.plist;
				LD_RUNPATH_SEARCH_PATHS = "$(inherited) @executable_path/Frameworks @loader_path/Frameworks";
				PRODUCT_NAME = "$(TARGET_NAME)";
				TEST_HOST = "$(BUILT_PRODUCTS_DIR)/ThatPlace.app/ThatPlace";
			};
			name = Debug;
		};
		CB0C460D1B012A8F008BCF4E /* Release */ = {
			isa = XCBuildConfiguration;
			buildSettings = {
				BUNDLE_LOADER = "$(TEST_HOST)";
				FRAMEWORK_SEARCH_PATHS = (
					"$(SDKROOT)/Developer/Library/Frameworks",
					"$(inherited)",
				);
				INFOPLIST_FILE = ThatPlaceTests/Info.plist;
				LD_RUNPATH_SEARCH_PATHS = "$(inherited) @executable_path/Frameworks @loader_path/Frameworks";
				PRODUCT_NAME = "$(TARGET_NAME)";
				TEST_HOST = "$(BUILT_PRODUCTS_DIR)/ThatPlace.app/ThatPlace";
			};
			name = Release;
		};
/* End XCBuildConfiguration section */

/* Begin XCConfigurationList section */
		CB0C45DD1B012A8F008BCF4E /* Build configuration list for PBXProject "ThatPlace" */ = {
			isa = XCConfigurationList;
			buildConfigurations = (
				CB0C46061B012A8F008BCF4E /* Debug */,
				CB0C46071B012A8F008BCF4E /* Release */,
			);
			defaultConfigurationIsVisible = 0;
			defaultConfigurationName = Release;
		};
		CB0C46081B012A8F008BCF4E /* Build configuration list for PBXNativeTarget "ThatPlace" */ = {
			isa = XCConfigurationList;
			buildConfigurations = (
				CB0C46091B012A8F008BCF4E /* Debug */,
				CB0C460A1B012A8F008BCF4E /* Release */,
			);
			defaultConfigurationIsVisible = 0;
			defaultConfigurationName = Release;
		};
		CB0C460B1B012A8F008BCF4E /* Build configuration list for PBXNativeTarget "ThatPlaceTests" */ = {
			isa = XCConfigurationList;
			buildConfigurations = (
				CB0C460C1B012A8F008BCF4E /* Debug */,
				CB0C460D1B012A8F008BCF4E /* Release */,
			);
			defaultConfigurationIsVisible = 0;
			defaultConfigurationName = Release;
		};
/* End XCConfigurationList section */

/* Begin XCVersionGroup section */
		CB0C45EC1B012A8F008BCF4E /* ThatPlace.xcdatamodeld */ = {
			isa = XCVersionGroup;
			children = (
				CB0C45ED1B012A8F008BCF4E /* ThatPlace.xcdatamodel */,
			);
			currentVersion = CB0C45ED1B012A8F008BCF4E /* ThatPlace.xcdatamodel */;
			path = ThatPlace.xcdatamodeld;
			sourceTree = "<group>";
			versionGroupType = wrapper.xcdatamodel;
		};
/* End XCVersionGroup section */
	};
	rootObject = CB0C45DA1B012A8F008BCF4E /* Project object */;
}
